schema: '2.0'
stages:
  prepare:
    cmd: python src/prepare.py
    deps:
    - path: src/prepare.py
      hash: md5
      md5: 194de27369e340c87af12f32b654fdf8
      size: 414
    outs:
    - path: data/raw/fashion_mnist.npz
      hash: md5
      md5: c9c52fc78fc088a60c8b89f893bc5b5f
      size: 54951002
  preprocess:
    cmd: python src/preprocess.py
    deps:
    - path: data/raw/fashion_mnist.npz
      hash: md5
      md5: c9c52fc78fc088a60c8b89f893bc5b5f
      size: 54951002
    - path: src/preprocess.py
      hash: md5
      md5: 8d897164b9f26c1167c08d9db50fc563
      size: 1060
    params:
      params.yaml:
        preprocess.seed: 42
        preprocess.test_size: 0.2
    outs:
    - path: data/processed/test.npz
      hash: md5
      md5: f18549c28df1c48d018c126bf4f346d9
      size: 62730510
    - path: data/processed/train.npz
      hash: md5
      md5: b97fc9043887d502d259e35da114d7ee
      size: 301104514
    - path: data/processed/val.npz
      hash: md5
      md5: ce3fdcbe3269ed1254c0e2af95d5ce86
      size: 75276506
  train:
    cmd: python src/train.py
    deps:
    - path: data/processed/train.npz
      hash: md5
      md5: b97fc9043887d502d259e35da114d7ee
      size: 301104514
    - path: data/processed/val.npz
      hash: md5
      md5: ce3fdcbe3269ed1254c0e2af95d5ce86
      size: 75276506
    - path: src/train.py
      hash: md5
      md5: 46e59abb50598e97d24168f7a2896a82
      size: 1356
    params:
      params.yaml:
        train.batch_size: 32
        train.dense_units: 128
        train.dropout_rate: 0.2
        train.epochs: 25
        train.learning_rate: 0.001
    outs:
    - path: models/history.csv
      hash: md5
      md5: 0a4a895c31ad5be65186e64224abc4f0
      size: 2075
    - path: models/model.h5
      hash: md5
      md5: e24a834e4b991ad1df53fd9ecc43005c
      size: 1245272
  evaluate:
    cmd: python src/evaluate.py
    deps:
    - path: data/processed/test.npz
      hash: md5
      md5: f18549c28df1c48d018c126bf4f346d9
      size: 62730510
    - path: models/model.h5
      hash: md5
      md5: e24a834e4b991ad1df53fd9ecc43005c
      size: 1245272
    - path: src/evaluate.py
      hash: md5
      md5: c3e9f52cbf9a28dadb261c50c64aa254
      size: 1295
    outs:
    - path: confusion_matrix.png
      hash: md5
      md5: a16f4b4a050e90dd5358de420d566d45
      size: 56019
    - path: metrics.json
      hash: md5
      md5: 1d2f778067a9e2b44d3732b835c06c68
      size: 183
